hash: 71a805b96b5fa8b1853ecd3eb29d5548df2f4e9198c2d4f3709eac71ffbbf458
updated: 2019-10-29T01:18:49.832562526-04:00
imports:
- name: github.com/davecgh/go-spew
  version: d8f796af33cc11cb798c1aaeb27a4ebc5099927d
  subpackages:
  - spew
- name: github.com/emicklei/go-restful
  version: 99f05a26a0a1c71e664ebe6a76d29b2c80333056
  subpackages:
  - log
- name: github.com/fsnotify/fsnotify
  version: c2828203cd70a50dcccfb2761f8b1f8ceef9a8e9
- name: github.com/ghodss/yaml
  version: 25d852aebe32c875e9c044af3eef9c7dc6bc777f
- name: github.com/go-openapi/jsonpointer
  version: ed123515f087412cd7ef02e49b0b0a5e6a79a360
- name: github.com/go-openapi/jsonreference
  version: 82f31475a8f7a12bc26962f6e26ceade8ea6f66a
- name: github.com/go-openapi/spec
  version: 744796356cda816d3166723c28d45c5f58f590df
- name: github.com/go-openapi/swag
  version: c3d0f7896d589f3babb99eea24bbc7de98108e72
- name: github.com/gogo/protobuf
  version: 5628607bb4c51c3157aacc3a50f0ab707582b805
  subpackages:
  - proto
  - sortkeys
- name: github.com/golang/glog
  version: 23def4e6c14b4da8ac2ed8007337bc5eb5007998
- name: github.com/golang/protobuf
  version: ed6926b37a637426117ccab59282c3839528a700
  subpackages:
  - proto
  - ptypes
  - ptypes/any
  - ptypes/duration
  - ptypes/timestamp
- name: github.com/google/go-cmp
  version: 2d0692c2e9617365a95b295612ac0d4415ba4627
  subpackages:
  - cmp
- name: github.com/google/gofuzz
  version: db92cf7ae75e4a7a28abc005addab2b394362888
- name: github.com/googleapis/gnostic
  version: dde5565d98663c4c06e162ffd3fb829ec84a46d8
  subpackages:
  - OpenAPIv2
  - compiler
  - extensions
- name: github.com/imdario/mergo
  version: 1afb36080aec31e0d1528973ebe6721b191b0369
- name: github.com/jaypipes/ghw
  version: 29869ac89830376f4997b823e455dac004acce4e
- name: github.com/jaypipes/pcidb
  version: 98ef3ee36c69f20650fe7855047ad042338c6983
- name: github.com/json-iterator/go
  version: 03217c3e97663914aec3faafde50d081f197a0a2
- name: github.com/mailru/easyjson
  version: 6c0755d89d1e153c9986ad90e886a626bd66aad0
  subpackages:
  - buffer
  - jlexer
  - jwriter
- name: github.com/mitchellh/go-homedir
  version: af06845cf3004701891bf4fdb884bfe4920b3727
- name: github.com/modern-go/concurrent
  version: bacd9c7ef1dd9b15be4a9909b8ac7a4e313eec94
- name: github.com/modern-go/reflect2
  version: 94122c33edd36123c84d5368cfb2b69df93a0ec8
- name: github.com/openshift/ptp-operator
  version: deaf8b45ba1364cd2981503eb32caac49415ade6
  subpackages:
  - pkg/apis/ptp/v1
  - pkg/client/clientset/versioned
  - pkg/client/clientset/versioned/scheme
  - pkg/client/clientset/versioned/typed/ptp/v1
- name: github.com/pkg/errors
  version: ba968bfe8b2f7e042a574c888954fccecfa385b4
- name: github.com/PuerkitoBio/purell
  version: 44968752391892e1b0d0b821ee79e9a85fa13049
- name: github.com/PuerkitoBio/urlesc
  version: de5bf2ad457846296e2031421a34e2568e304e35
- name: github.com/spf13/pflag
  version: 2e9d26c8c37aae03e3f9d4e90b7116f5accb7cab
- name: golang.org/x/crypto
  version: 8986dd9e96cf0a6f74da406c005ba3df38527c04
  subpackages:
  - ssh/terminal
- name: golang.org/x/net
  version: fe3aa8a4527195a6057b3fad46619d7d090e99b5
  subpackages:
  - context
  - context/ctxhttp
  - http/httpguts
  - http2
  - http2/hpack
  - idna
- name: golang.org/x/oauth2
  version: 0f29369cfe4552d0e4bcddc57cc75f4d7e672a33
  subpackages:
  - internal
- name: golang.org/x/sys
  version: 195ce5e7f934b923d8fc432cf5a2561f2b334da9
  subpackages:
  - unix
  - windows
- name: golang.org/x/text
  version: 3d0f7978add91030e5e8976ff65ccdd828286cba
  subpackages:
  - secure/bidirule
  - transform
  - unicode/bidi
  - unicode/norm
  - width
- name: golang.org/x/time
  version: 555d28b269f0569763d25dbe1a237ae74c6bcc82
  subpackages:
  - rate
- name: golang.org/x/tools
  version: 9cc4af7d6b2c2a2e47f9cfaa500cd669b42e449b
- name: google.golang.org/appengine
  version: 16bce7d3dc4e458f2f6f56a1349cbbfcdc8a8fdf
  subpackages:
  - internal
  - internal/base
  - internal/datastore
  - internal/log
  - internal/remote_api
  - internal/urlfetch
  - urlfetch
- name: gopkg.in/inf.v0
  version: d2d2541c53f18d2a059457998ce2876cc8e67cbf
- name: gopkg.in/yaml.v2
  version: f221b8435cfb71e54062f6c6e99e9ade30b124d5
- name: howett.net/plist
  version: 591f970eefbbeb04d7b37f334a0c4c3256e32876
- name: k8s.io/api
  version: 5524a3672fbb1d8e9528811576c859dbedffeed7
  subpackages:
  - admissionregistration/v1beta1
  - apps/v1
  - apps/v1beta1
  - apps/v1beta2
  - auditregistration/v1alpha1
  - authentication/v1
  - authentication/v1beta1
  - authorization/v1
  - authorization/v1beta1
  - autoscaling/v1
  - autoscaling/v2beta1
  - autoscaling/v2beta2
  - batch/v1
  - batch/v1beta1
  - batch/v2alpha1
  - certificates/v1beta1
  - coordination/v1
  - coordination/v1beta1
  - core/v1
  - events/v1beta1
  - extensions/v1beta1
  - networking/v1
  - networking/v1beta1
  - node/v1alpha1
  - node/v1beta1
  - policy/v1beta1
  - rbac/v1
  - rbac/v1alpha1
  - rbac/v1beta1
  - scheduling/v1
  - scheduling/v1alpha1
  - scheduling/v1beta1
  - settings/v1alpha1
  - storage/v1
  - storage/v1alpha1
  - storage/v1beta1
- name: k8s.io/apimachinery
  version: af6325b3a843fc0c4c448b1bd770ebab40e9acc4
  subpackages:
  - pkg/api/errors
  - pkg/api/meta
  - pkg/api/resource
  - pkg/apis/meta/v1
  - pkg/apis/meta/v1/unstructured
  - pkg/conversion
  - pkg/conversion/queryparams
  - pkg/fields
  - pkg/labels
  - pkg/runtime
  - pkg/runtime/schema
  - pkg/runtime/serializer
  - pkg/runtime/serializer/json
  - pkg/runtime/serializer/protobuf
  - pkg/runtime/serializer/recognizer
  - pkg/runtime/serializer/streaming
  - pkg/runtime/serializer/versioning
  - pkg/selection
  - pkg/types
  - pkg/util/clock
  - pkg/util/errors
  - pkg/util/framer
  - pkg/util/intstr
  - pkg/util/json
  - pkg/util/naming
  - pkg/util/net
  - pkg/util/runtime
  - pkg/util/sets
  - pkg/util/validation
  - pkg/util/validation/field
  - pkg/util/yaml
  - pkg/version
  - pkg/watch
  - third_party/forked/golang/reflect
- name: k8s.io/client-go
  version: 78d2af792babf2dd937ba2e2a8d99c753a5eda89
  subpackages:
  - discovery
  - kubernetes
  - kubernetes/scheme
  - kubernetes/typed/admissionregistration/v1beta1
  - kubernetes/typed/apps/v1
  - kubernetes/typed/apps/v1beta1
  - kubernetes/typed/apps/v1beta2
  - kubernetes/typed/auditregistration/v1alpha1
  - kubernetes/typed/authentication/v1
  - kubernetes/typed/authentication/v1beta1
  - kubernetes/typed/authorization/v1
  - kubernetes/typed/authorization/v1beta1
  - kubernetes/typed/autoscaling/v1
  - kubernetes/typed/autoscaling/v2beta1
  - kubernetes/typed/autoscaling/v2beta2
  - kubernetes/typed/batch/v1
  - kubernetes/typed/batch/v1beta1
  - kubernetes/typed/batch/v2alpha1
  - kubernetes/typed/certificates/v1beta1
  - kubernetes/typed/coordination/v1
  - kubernetes/typed/coordination/v1beta1
  - kubernetes/typed/core/v1
  - kubernetes/typed/events/v1beta1
  - kubernetes/typed/extensions/v1beta1
  - kubernetes/typed/networking/v1
  - kubernetes/typed/networking/v1beta1
  - kubernetes/typed/node/v1alpha1
  - kubernetes/typed/node/v1beta1
  - kubernetes/typed/policy/v1beta1
  - kubernetes/typed/rbac/v1
  - kubernetes/typed/rbac/v1alpha1
  - kubernetes/typed/rbac/v1beta1
  - kubernetes/typed/scheduling/v1
  - kubernetes/typed/scheduling/v1alpha1
  - kubernetes/typed/scheduling/v1beta1
  - kubernetes/typed/settings/v1alpha1
  - kubernetes/typed/storage/v1
  - kubernetes/typed/storage/v1alpha1
  - kubernetes/typed/storage/v1beta1
  - pkg/apis/clientauthentication
  - pkg/apis/clientauthentication/v1alpha1
  - pkg/apis/clientauthentication/v1beta1
  - pkg/version
  - plugin/pkg/client/auth/exec
  - rest
  - rest/watch
  - tools/auth
  - tools/clientcmd
  - tools/clientcmd/api
  - tools/clientcmd/api/latest
  - tools/clientcmd/api/v1
  - tools/metrics
  - tools/reference
  - transport
  - util/cert
  - util/connrotation
  - util/flowcontrol
  - util/homedir
  - util/keyutil
- name: k8s.io/code-generator
  version: f361089c127c5bb0fb7adb3ed5141a43dea194aa
- name: k8s.io/gengo
  version: 7fa3014cb28f99ce2d9e803bcd3efa7edd4effa9
- name: k8s.io/klog
  version: 3ca30a56d8a775276f9cdae009ba326fdc05af7f
- name: k8s.io/kube-openapi
  version: 0270cf2f1c1d995d34b36019a6f65d58e6e33ad4
  subpackages:
  - pkg/common
- name: k8s.io/utils
  version: 8d271d903fe4c290aa361acfb242cff7bcee96f1
  subpackages:
  - integer
- name: sigs.k8s.io/controller-runtime
  version: ad57a976ffa1eac39bc9d9cb267ca5489fb8f038
  subpackages:
  - pkg/runtime/scheme
  - pkg/scheme
- name: sigs.k8s.io/yaml
  version: 4cd0c284b15f1735b8cc247df097d262b8903f9f
testImports: []
